
Microsoft Visual Studio Solution File, Format Version 12.00
# Visual Studio Version 16
VisualStudioVersion = 16.0.31313.79
MinimumVisualStudioVersion = 10.0.40219.1
Project("{8BC9CEB8-8B4A-11D0-8D11-00A0C91BC942}") = "C++ STL Library", "C++ STL Library.vcxproj", "{DCEFA00F-207F-4A99-A2EA-350F4C87FCD9}"
EndProject
Project("{8BC9CEB8-8B4A-11D0-8D11-00A0C91BC942}") = "std String", "..\std String\std String.vcxproj", "{351A6027-FB09-429A-B3BC-160CCA72BB6F}"
EndProject
Project("{8BC9CEB8-8B4A-11D0-8D11-00A0C91BC942}") = "std Vector", "..\std Vector\std Vector.vcxproj", "{F6B96968-2B68-499E-A7A8-AEAE8BE30DD3}"
EndProject
Project("{8BC9CEB8-8B4A-11D0-8D11-00A0C91BC942}") = "std vector Algorithm", "..\std vector Algorithm\std vector Algorithm.vcxproj", "{F8634A94-7A32-4799-9BB8-479A40432D7C}"
EndProject
Project("{8BC9CEB8-8B4A-11D0-8D11-00A0C91BC942}") = "std array", "..\std array\std array.vcxproj", "{7D2F0316-B6A8-445E-A1D9-64DDF0B79C60}"
EndProject
Project("{8BC9CEB8-8B4A-11D0-8D11-00A0C91BC942}") = "std Vector2", "..\std Vector2\std Vector2.vcxproj", "{73D64F63-FEEF-4A6F-A87B-44199FBCF4DA}"
EndProject
Project("{8BC9CEB8-8B4A-11D0-8D11-00A0C91BC942}") = "std forward_list", "..\std forward_list\std forward_list.vcxproj", "{A58A9C27-0658-4C6D-9098-4FB845049C99}"
EndProject
Project("{8BC9CEB8-8B4A-11D0-8D11-00A0C91BC942}") = "std list", "..\std list\std list.vcxproj", "{ED6CFBA4-970B-4339-833C-2D2D29E97D02}"
EndProject
Project("{8BC9CEB8-8B4A-11D0-8D11-00A0C91BC942}") = "std deque", "..\std deque\std deque.vcxproj", "{2E82328E-01EE-445C-927C-8083F69D8BE2}"
EndProject
Project("{8BC9CEB8-8B4A-11D0-8D11-00A0C91BC942}") = "std stack", "..\std stack\std stack.vcxproj", "{E7973DE6-FEB4-47E7-A5BF-F713A40704B6}"
EndProject
Project("{8BC9CEB8-8B4A-11D0-8D11-00A0C91BC942}") = "std queue and priority queue", "..\std queue\std queue.vcxproj", "{5B4D3033-DC75-4698-8398-78DA436FD8B2}"
EndProject
Project("{8BC9CEB8-8B4A-11D0-8D11-00A0C91BC942}") = "std set", "..\std set\std set.vcxproj", "{DA7D9F84-136E-4272-873E-B81B0C0D4BA1}"
EndProject
Project("{8BC9CEB8-8B4A-11D0-8D11-00A0C91BC942}") = "std map", "..\std map\std map.vcxproj", "{7F97B90C-5589-43E4-BC66-C5ECBD5CDF46}"
EndProject
Project("{8BC9CEB8-8B4A-11D0-8D11-00A0C91BC942}") = "std bit", "..\std bit\std bit.vcxproj", "{D266A22C-C84C-472F-815D-BA325410F0B0}"
EndProject
Project("{8BC9CEB8-8B4A-11D0-8D11-00A0C91BC942}") = "STL 실습", "..\STL 실습\STL 실습.vcxproj", "{2D4ACF83-5895-4976-86F4-4DCA38F33F66}"
EndProject
Project("{8BC9CEB8-8B4A-11D0-8D11-00A0C91BC942}") = "STL 기타", "..\STL 기타\STL 기타.vcxproj", "{C20AB376-771C-4D92-9BCC-12A476B74206}"
EndProject
Project("{8BC9CEB8-8B4A-11D0-8D11-00A0C91BC942}") = "constexpr", "..\constexpr\constexpr.vcxproj", "{F0FD7AD4-383E-48A9-BB1B-6E9D1625BFC0}"
EndProject
Project("{8BC9CEB8-8B4A-11D0-8D11-00A0C91BC942}") = "우측값 참조", "..\우측값 참조\우측값 참조.vcxproj", "{D460734A-7268-436C-8E0F-867F9061BE81}"
EndProject
Project("{8BC9CEB8-8B4A-11D0-8D11-00A0C91BC942}") = "escape 시퀀스", "..\escape 시퀀스\escape 시퀀스.vcxproj", "{F90862D0-F9C1-4469-A84C-6F0125D1C120}"
EndProject
Project("{8BC9CEB8-8B4A-11D0-8D11-00A0C91BC942}") = "smart pointer", "..\smart pointer\smart pointer.vcxproj", "{37136873-A277-47EA-A4CF-6194ED0F115E}"
EndProject
Global
	GlobalSection(SolutionConfigurationPlatforms) = preSolution
		Debug|x64 = Debug|x64
		Debug|x86 = Debug|x86
		Release|x64 = Release|x64
		Release|x86 = Release|x86
	EndGlobalSection
	GlobalSection(ProjectConfigurationPlatforms) = postSolution
		{DCEFA00F-207F-4A99-A2EA-350F4C87FCD9}.Debug|x64.ActiveCfg = Debug|x64
		{DCEFA00F-207F-4A99-A2EA-350F4C87FCD9}.Debug|x64.Build.0 = Debug|x64
		{DCEFA00F-207F-4A99-A2EA-350F4C87FCD9}.Debug|x86.ActiveCfg = Debug|Win32
		{DCEFA00F-207F-4A99-A2EA-350F4C87FCD9}.Debug|x86.Build.0 = Debug|Win32
		{DCEFA00F-207F-4A99-A2EA-350F4C87FCD9}.Release|x64.ActiveCfg = Release|x64
		{DCEFA00F-207F-4A99-A2EA-350F4C87FCD9}.Release|x64.Build.0 = Release|x64
		{DCEFA00F-207F-4A99-A2EA-350F4C87FCD9}.Release|x86.ActiveCfg = Release|Win32
		{DCEFA00F-207F-4A99-A2EA-350F4C87FCD9}.Release|x86.Build.0 = Release|Win32
		{351A6027-FB09-429A-B3BC-160CCA72BB6F}.Debug|x64.ActiveCfg = Debug|x64
		{351A6027-FB09-429A-B3BC-160CCA72BB6F}.Debug|x64.Build.0 = Debug|x64
		{351A6027-FB09-429A-B3BC-160CCA72BB6F}.Debug|x86.ActiveCfg = Debug|Win32
		{351A6027-FB09-429A-B3BC-160CCA72BB6F}.Debug|x86.Build.0 = Debug|Win32
		{351A6027-FB09-429A-B3BC-160CCA72BB6F}.Release|x64.ActiveCfg = Release|x64
		{351A6027-FB09-429A-B3BC-160CCA72BB6F}.Release|x64.Build.0 = Release|x64
		{351A6027-FB09-429A-B3BC-160CCA72BB6F}.Release|x86.ActiveCfg = Release|Win32
		{351A6027-FB09-429A-B3BC-160CCA72BB6F}.Release|x86.Build.0 = Release|Win32
		{F6B96968-2B68-499E-A7A8-AEAE8BE30DD3}.Debug|x64.ActiveCfg = Debug|x64
		{F6B96968-2B68-499E-A7A8-AEAE8BE30DD3}.Debug|x64.Build.0 = Debug|x64
		{F6B96968-2B68-499E-A7A8-AEAE8BE30DD3}.Debug|x86.ActiveCfg = Debug|Win32
		{F6B96968-2B68-499E-A7A8-AEAE8BE30DD3}.Debug|x86.Build.0 = Debug|Win32
		{F6B96968-2B68-499E-A7A8-AEAE8BE30DD3}.Release|x64.ActiveCfg = Release|x64
		{F6B96968-2B68-499E-A7A8-AEAE8BE30DD3}.Release|x64.Build.0 = Release|x64
		{F6B96968-2B68-499E-A7A8-AEAE8BE30DD3}.Release|x86.ActiveCfg = Release|Win32
		{F6B96968-2B68-499E-A7A8-AEAE8BE30DD3}.Release|x86.Build.0 = Release|Win32
		{F8634A94-7A32-4799-9BB8-479A40432D7C}.Debug|x64.ActiveCfg = Debug|x64
		{F8634A94-7A32-4799-9BB8-479A40432D7C}.Debug|x64.Build.0 = Debug|x64
		{F8634A94-7A32-4799-9BB8-479A40432D7C}.Debug|x86.ActiveCfg = Debug|Win32
		{F8634A94-7A32-4799-9BB8-479A40432D7C}.Debug|x86.Build.0 = Debug|Win32
		{F8634A94-7A32-4799-9BB8-479A40432D7C}.Release|x64.ActiveCfg = Release|x64
		{F8634A94-7A32-4799-9BB8-479A40432D7C}.Release|x64.Build.0 = Release|x64
		{F8634A94-7A32-4799-9BB8-479A40432D7C}.Release|x86.ActiveCfg = Release|Win32
		{F8634A94-7A32-4799-9BB8-479A40432D7C}.Release|x86.Build.0 = Release|Win32
		{7D2F0316-B6A8-445E-A1D9-64DDF0B79C60}.Debug|x64.ActiveCfg = Debug|x64
		{7D2F0316-B6A8-445E-A1D9-64DDF0B79C60}.Debug|x64.Build.0 = Debug|x64
		{7D2F0316-B6A8-445E-A1D9-64DDF0B79C60}.Debug|x86.ActiveCfg = Debug|Win32
		{7D2F0316-B6A8-445E-A1D9-64DDF0B79C60}.Debug|x86.Build.0 = Debug|Win32
		{7D2F0316-B6A8-445E-A1D9-64DDF0B79C60}.Release|x64.ActiveCfg = Release|x64
		{7D2F0316-B6A8-445E-A1D9-64DDF0B79C60}.Release|x64.Build.0 = Release|x64
		{7D2F0316-B6A8-445E-A1D9-64DDF0B79C60}.Release|x86.ActiveCfg = Release|Win32
		{7D2F0316-B6A8-445E-A1D9-64DDF0B79C60}.Release|x86.Build.0 = Release|Win32
		{73D64F63-FEEF-4A6F-A87B-44199FBCF4DA}.Debug|x64.ActiveCfg = Debug|x64
		{73D64F63-FEEF-4A6F-A87B-44199FBCF4DA}.Debug|x64.Build.0 = Debug|x64
		{73D64F63-FEEF-4A6F-A87B-44199FBCF4DA}.Debug|x86.ActiveCfg = Debug|Win32
		{73D64F63-FEEF-4A6F-A87B-44199FBCF4DA}.Debug|x86.Build.0 = Debug|Win32
		{73D64F63-FEEF-4A6F-A87B-44199FBCF4DA}.Release|x64.ActiveCfg = Release|x64
		{73D64F63-FEEF-4A6F-A87B-44199FBCF4DA}.Release|x64.Build.0 = Release|x64
		{73D64F63-FEEF-4A6F-A87B-44199FBCF4DA}.Release|x86.ActiveCfg = Release|Win32
		{73D64F63-FEEF-4A6F-A87B-44199FBCF4DA}.Release|x86.Build.0 = Release|Win32
		{A58A9C27-0658-4C6D-9098-4FB845049C99}.Debug|x64.ActiveCfg = Debug|x64
		{A58A9C27-0658-4C6D-9098-4FB845049C99}.Debug|x64.Build.0 = Debug|x64
		{A58A9C27-0658-4C6D-9098-4FB845049C99}.Debug|x86.ActiveCfg = Debug|Win32
		{A58A9C27-0658-4C6D-9098-4FB845049C99}.Debug|x86.Build.0 = Debug|Win32
		{A58A9C27-0658-4C6D-9098-4FB845049C99}.Release|x64.ActiveCfg = Release|x64
		{A58A9C27-0658-4C6D-9098-4FB845049C99}.Release|x64.Build.0 = Release|x64
		{A58A9C27-0658-4C6D-9098-4FB845049C99}.Release|x86.ActiveCfg = Release|Win32
		{A58A9C27-0658-4C6D-9098-4FB845049C99}.Release|x86.Build.0 = Release|Win32
		{ED6CFBA4-970B-4339-833C-2D2D29E97D02}.Debug|x64.ActiveCfg = Debug|x64
		{ED6CFBA4-970B-4339-833C-2D2D29E97D02}.Debug|x64.Build.0 = Debug|x64
		{ED6CFBA4-970B-4339-833C-2D2D29E97D02}.Debug|x86.ActiveCfg = Debug|Win32
		{ED6CFBA4-970B-4339-833C-2D2D29E97D02}.Debug|x86.Build.0 = Debug|Win32
		{ED6CFBA4-970B-4339-833C-2D2D29E97D02}.Release|x64.ActiveCfg = Release|x64
		{ED6CFBA4-970B-4339-833C-2D2D29E97D02}.Release|x64.Build.0 = Release|x64
		{ED6CFBA4-970B-4339-833C-2D2D29E97D02}.Release|x86.ActiveCfg = Release|Win32
		{ED6CFBA4-970B-4339-833C-2D2D29E97D02}.Release|x86.Build.0 = Release|Win32
		{2E82328E-01EE-445C-927C-8083F69D8BE2}.Debug|x64.ActiveCfg = Debug|x64
		{2E82328E-01EE-445C-927C-8083F69D8BE2}.Debug|x64.Build.0 = Debug|x64
		{2E82328E-01EE-445C-927C-8083F69D8BE2}.Debug|x86.ActiveCfg = Debug|Win32
		{2E82328E-01EE-445C-927C-8083F69D8BE2}.Debug|x86.Build.0 = Debug|Win32
		{2E82328E-01EE-445C-927C-8083F69D8BE2}.Release|x64.ActiveCfg = Release|x64
		{2E82328E-01EE-445C-927C-8083F69D8BE2}.Release|x64.Build.0 = Release|x64
		{2E82328E-01EE-445C-927C-8083F69D8BE2}.Release|x86.ActiveCfg = Release|Win32
		{2E82328E-01EE-445C-927C-8083F69D8BE2}.Release|x86.Build.0 = Release|Win32
		{E7973DE6-FEB4-47E7-A5BF-F713A40704B6}.Debug|x64.ActiveCfg = Debug|x64
		{E7973DE6-FEB4-47E7-A5BF-F713A40704B6}.Debug|x64.Build.0 = Debug|x64
		{E7973DE6-FEB4-47E7-A5BF-F713A40704B6}.Debug|x86.ActiveCfg = Debug|Win32
		{E7973DE6-FEB4-47E7-A5BF-F713A40704B6}.Debug|x86.Build.0 = Debug|Win32
		{E7973DE6-FEB4-47E7-A5BF-F713A40704B6}.Release|x64.ActiveCfg = Release|x64
		{E7973DE6-FEB4-47E7-A5BF-F713A40704B6}.Release|x64.Build.0 = Release|x64
		{E7973DE6-FEB4-47E7-A5BF-F713A40704B6}.Release|x86.ActiveCfg = Release|Win32
		{E7973DE6-FEB4-47E7-A5BF-F713A40704B6}.Release|x86.Build.0 = Release|Win32
		{5B4D3033-DC75-4698-8398-78DA436FD8B2}.Debug|x64.ActiveCfg = Debug|x64
		{5B4D3033-DC75-4698-8398-78DA436FD8B2}.Debug|x64.Build.0 = Debug|x64
		{5B4D3033-DC75-4698-8398-78DA436FD8B2}.Debug|x86.ActiveCfg = Debug|Win32
		{5B4D3033-DC75-4698-8398-78DA436FD8B2}.Debug|x86.Build.0 = Debug|Win32
		{5B4D3033-DC75-4698-8398-78DA436FD8B2}.Release|x64.ActiveCfg = Release|x64
		{5B4D3033-DC75-4698-8398-78DA436FD8B2}.Release|x64.Build.0 = Release|x64
		{5B4D3033-DC75-4698-8398-78DA436FD8B2}.Release|x86.ActiveCfg = Release|Win32
		{5B4D3033-DC75-4698-8398-78DA436FD8B2}.Release|x86.Build.0 = Release|Win32
		{DA7D9F84-136E-4272-873E-B81B0C0D4BA1}.Debug|x64.ActiveCfg = Debug|x64
		{DA7D9F84-136E-4272-873E-B81B0C0D4BA1}.Debug|x64.Build.0 = Debug|x64
		{DA7D9F84-136E-4272-873E-B81B0C0D4BA1}.Debug|x86.ActiveCfg = Debug|Win32
		{DA7D9F84-136E-4272-873E-B81B0C0D4BA1}.Debug|x86.Build.0 = Debug|Win32
		{DA7D9F84-136E-4272-873E-B81B0C0D4BA1}.Release|x64.ActiveCfg = Release|x64
		{DA7D9F84-136E-4272-873E-B81B0C0D4BA1}.Release|x64.Build.0 = Release|x64
		{DA7D9F84-136E-4272-873E-B81B0C0D4BA1}.Release|x86.ActiveCfg = Release|Win32
		{DA7D9F84-136E-4272-873E-B81B0C0D4BA1}.Release|x86.Build.0 = Release|Win32
		{7F97B90C-5589-43E4-BC66-C5ECBD5CDF46}.Debug|x64.ActiveCfg = Debug|x64
		{7F97B90C-5589-43E4-BC66-C5ECBD5CDF46}.Debug|x64.Build.0 = Debug|x64
		{7F97B90C-5589-43E4-BC66-C5ECBD5CDF46}.Debug|x86.ActiveCfg = Debug|Win32
		{7F97B90C-5589-43E4-BC66-C5ECBD5CDF46}.Debug|x86.Build.0 = Debug|Win32
		{7F97B90C-5589-43E4-BC66-C5ECBD5CDF46}.Release|x64.ActiveCfg = Release|x64
		{7F97B90C-5589-43E4-BC66-C5ECBD5CDF46}.Release|x64.Build.0 = Release|x64
		{7F97B90C-5589-43E4-BC66-C5ECBD5CDF46}.Release|x86.ActiveCfg = Release|Win32
		{7F97B90C-5589-43E4-BC66-C5ECBD5CDF46}.Release|x86.Build.0 = Release|Win32
		{D266A22C-C84C-472F-815D-BA325410F0B0}.Debug|x64.ActiveCfg = Debug|x64
		{D266A22C-C84C-472F-815D-BA325410F0B0}.Debug|x64.Build.0 = Debug|x64
		{D266A22C-C84C-472F-815D-BA325410F0B0}.Debug|x86.ActiveCfg = Debug|Win32
		{D266A22C-C84C-472F-815D-BA325410F0B0}.Debug|x86.Build.0 = Debug|Win32
		{D266A22C-C84C-472F-815D-BA325410F0B0}.Release|x64.ActiveCfg = Release|x64
		{D266A22C-C84C-472F-815D-BA325410F0B0}.Release|x64.Build.0 = Release|x64
		{D266A22C-C84C-472F-815D-BA325410F0B0}.Release|x86.ActiveCfg = Release|Win32
		{D266A22C-C84C-472F-815D-BA325410F0B0}.Release|x86.Build.0 = Release|Win32
		{2D4ACF83-5895-4976-86F4-4DCA38F33F66}.Debug|x64.ActiveCfg = Debug|x64
		{2D4ACF83-5895-4976-86F4-4DCA38F33F66}.Debug|x64.Build.0 = Debug|x64
		{2D4ACF83-5895-4976-86F4-4DCA38F33F66}.Debug|x86.ActiveCfg = Debug|Win32
		{2D4ACF83-5895-4976-86F4-4DCA38F33F66}.Debug|x86.Build.0 = Debug|Win32
		{2D4ACF83-5895-4976-86F4-4DCA38F33F66}.Release|x64.ActiveCfg = Release|x64
		{2D4ACF83-5895-4976-86F4-4DCA38F33F66}.Release|x64.Build.0 = Release|x64
		{2D4ACF83-5895-4976-86F4-4DCA38F33F66}.Release|x86.ActiveCfg = Release|Win32
		{2D4ACF83-5895-4976-86F4-4DCA38F33F66}.Release|x86.Build.0 = Release|Win32
		{C20AB376-771C-4D92-9BCC-12A476B74206}.Debug|x64.ActiveCfg = Debug|x64
		{C20AB376-771C-4D92-9BCC-12A476B74206}.Debug|x64.Build.0 = Debug|x64
		{C20AB376-771C-4D92-9BCC-12A476B74206}.Debug|x86.ActiveCfg = Debug|Win32
		{C20AB376-771C-4D92-9BCC-12A476B74206}.Debug|x86.Build.0 = Debug|Win32
		{C20AB376-771C-4D92-9BCC-12A476B74206}.Release|x64.ActiveCfg = Release|x64
		{C20AB376-771C-4D92-9BCC-12A476B74206}.Release|x64.Build.0 = Release|x64
		{C20AB376-771C-4D92-9BCC-12A476B74206}.Release|x86.ActiveCfg = Release|Win32
		{C20AB376-771C-4D92-9BCC-12A476B74206}.Release|x86.Build.0 = Release|Win32
		{F0FD7AD4-383E-48A9-BB1B-6E9D1625BFC0}.Debug|x64.ActiveCfg = Debug|x64
		{F0FD7AD4-383E-48A9-BB1B-6E9D1625BFC0}.Debug|x64.Build.0 = Debug|x64
		{F0FD7AD4-383E-48A9-BB1B-6E9D1625BFC0}.Debug|x86.ActiveCfg = Debug|Win32
		{F0FD7AD4-383E-48A9-BB1B-6E9D1625BFC0}.Debug|x86.Build.0 = Debug|Win32
		{F0FD7AD4-383E-48A9-BB1B-6E9D1625BFC0}.Release|x64.ActiveCfg = Release|x64
		{F0FD7AD4-383E-48A9-BB1B-6E9D1625BFC0}.Release|x64.Build.0 = Release|x64
		{F0FD7AD4-383E-48A9-BB1B-6E9D1625BFC0}.Release|x86.ActiveCfg = Release|Win32
		{F0FD7AD4-383E-48A9-BB1B-6E9D1625BFC0}.Release|x86.Build.0 = Release|Win32
		{D460734A-7268-436C-8E0F-867F9061BE81}.Debug|x64.ActiveCfg = Debug|x64
		{D460734A-7268-436C-8E0F-867F9061BE81}.Debug|x64.Build.0 = Debug|x64
		{D460734A-7268-436C-8E0F-867F9061BE81}.Debug|x86.ActiveCfg = Debug|Win32
		{D460734A-7268-436C-8E0F-867F9061BE81}.Debug|x86.Build.0 = Debug|Win32
		{D460734A-7268-436C-8E0F-867F9061BE81}.Release|x64.ActiveCfg = Release|x64
		{D460734A-7268-436C-8E0F-867F9061BE81}.Release|x64.Build.0 = Release|x64
		{D460734A-7268-436C-8E0F-867F9061BE81}.Release|x86.ActiveCfg = Release|Win32
		{D460734A-7268-436C-8E0F-867F9061BE81}.Release|x86.Build.0 = Release|Win32
		{F90862D0-F9C1-4469-A84C-6F0125D1C120}.Debug|x64.ActiveCfg = Debug|x64
		{F90862D0-F9C1-4469-A84C-6F0125D1C120}.Debug|x64.Build.0 = Debug|x64
		{F90862D0-F9C1-4469-A84C-6F0125D1C120}.Debug|x86.ActiveCfg = Debug|Win32
		{F90862D0-F9C1-4469-A84C-6F0125D1C120}.Debug|x86.Build.0 = Debug|Win32
		{F90862D0-F9C1-4469-A84C-6F0125D1C120}.Release|x64.ActiveCfg = Release|x64
		{F90862D0-F9C1-4469-A84C-6F0125D1C120}.Release|x64.Build.0 = Release|x64
		{F90862D0-F9C1-4469-A84C-6F0125D1C120}.Release|x86.ActiveCfg = Release|Win32
		{F90862D0-F9C1-4469-A84C-6F0125D1C120}.Release|x86.Build.0 = Release|Win32
		{37136873-A277-47EA-A4CF-6194ED0F115E}.Debug|x64.ActiveCfg = Debug|x64
		{37136873-A277-47EA-A4CF-6194ED0F115E}.Debug|x64.Build.0 = Debug|x64
		{37136873-A277-47EA-A4CF-6194ED0F115E}.Debug|x86.ActiveCfg = Debug|Win32
		{37136873-A277-47EA-A4CF-6194ED0F115E}.Debug|x86.Build.0 = Debug|Win32
		{37136873-A277-47EA-A4CF-6194ED0F115E}.Release|x64.ActiveCfg = Release|x64
		{37136873-A277-47EA-A4CF-6194ED0F115E}.Release|x64.Build.0 = Release|x64
		{37136873-A277-47EA-A4CF-6194ED0F115E}.Release|x86.ActiveCfg = Release|Win32
		{37136873-A277-47EA-A4CF-6194ED0F115E}.Release|x86.Build.0 = Release|Win32
	EndGlobalSection
	GlobalSection(SolutionProperties) = preSolution
		HideSolutionNode = FALSE
	EndGlobalSection
	GlobalSection(ExtensibilityGlobals) = postSolution
		SolutionGuid = {B7C4C764-A618-4B17-9160-2764F56AE2BD}
	EndGlobalSection
EndGlobal
