
Microsoft Visual Studio Solution File, Format Version 12.00
# Visual Studio Version 16
VisualStudioVersion = 16.0.31313.79
MinimumVisualStudioVersion = 10.0.40219.1
Project("{8BC9CEB8-8B4A-11D0-8D11-00A0C91BC942}") = "C++ STL Library", "C++ STL Library.vcxproj", "{DCEFA00F-207F-4A99-A2EA-350F4C87FCD9}"
EndProject
Project("{8BC9CEB8-8B4A-11D0-8D11-00A0C91BC942}") = "std String", "..\std String\std String.vcxproj", "{351A6027-FB09-429A-B3BC-160CCA72BB6F}"
EndProject
Project("{8BC9CEB8-8B4A-11D0-8D11-00A0C91BC942}") = "std Vector", "..\std Vector\std Vector.vcxproj", "{F6B96968-2B68-499E-A7A8-AEAE8BE30DD3}"
EndProject
Project("{8BC9CEB8-8B4A-11D0-8D11-00A0C91BC942}") = "std vector Algorithm", "..\std vector Algorithm\std vector Algorithm.vcxproj", "{F8634A94-7A32-4799-9BB8-479A40432D7C}"
EndProject
Project("{8BC9CEB8-8B4A-11D0-8D11-00A0C91BC942}") = "std array", "..\std array\std array.vcxproj", "{7D2F0316-B6A8-445E-A1D9-64DDF0B79C60}"
EndProject
Project("{8BC9CEB8-8B4A-11D0-8D11-00A0C91BC942}") = "std Vector2", "..\std Vector2\std Vector2.vcxproj", "{73D64F63-FEEF-4A6F-A87B-44199FBCF4DA}"
EndProject
Project("{8BC9CEB8-8B4A-11D0-8D11-00A0C91BC942}") = "std forward_list", "..\std forward_list\std forward_list.vcxproj", "{A58A9C27-0658-4C6D-9098-4FB845049C99}"
EndProject
Project("{8BC9CEB8-8B4A-11D0-8D11-00A0C91BC942}") = "std list", "..\std list\std list.vcxproj", "{ED6CFBA4-970B-4339-833C-2D2D29E97D02}"
EndProject
Global
	GlobalSection(SolutionConfigurationPlatforms) = preSolution
		Debug|x64 = Debug|x64
		Debug|x86 = Debug|x86
		Release|x64 = Release|x64
		Release|x86 = Release|x86
	EndGlobalSection
	GlobalSection(ProjectConfigurationPlatforms) = postSolution
		{DCEFA00F-207F-4A99-A2EA-350F4C87FCD9}.Debug|x64.ActiveCfg = Debug|x64
		{DCEFA00F-207F-4A99-A2EA-350F4C87FCD9}.Debug|x64.Build.0 = Debug|x64
		{DCEFA00F-207F-4A99-A2EA-350F4C87FCD9}.Debug|x86.ActiveCfg = Debug|Win32
		{DCEFA00F-207F-4A99-A2EA-350F4C87FCD9}.Debug|x86.Build.0 = Debug|Win32
		{DCEFA00F-207F-4A99-A2EA-350F4C87FCD9}.Release|x64.ActiveCfg = Release|x64
		{DCEFA00F-207F-4A99-A2EA-350F4C87FCD9}.Release|x64.Build.0 = Release|x64
		{DCEFA00F-207F-4A99-A2EA-350F4C87FCD9}.Release|x86.ActiveCfg = Release|Win32
		{DCEFA00F-207F-4A99-A2EA-350F4C87FCD9}.Release|x86.Build.0 = Release|Win32
		{351A6027-FB09-429A-B3BC-160CCA72BB6F}.Debug|x64.ActiveCfg = Debug|x64
		{351A6027-FB09-429A-B3BC-160CCA72BB6F}.Debug|x64.Build.0 = Debug|x64
		{351A6027-FB09-429A-B3BC-160CCA72BB6F}.Debug|x86.ActiveCfg = Debug|Win32
		{351A6027-FB09-429A-B3BC-160CCA72BB6F}.Debug|x86.Build.0 = Debug|Win32
		{351A6027-FB09-429A-B3BC-160CCA72BB6F}.Release|x64.ActiveCfg = Release|x64
		{351A6027-FB09-429A-B3BC-160CCA72BB6F}.Release|x64.Build.0 = Release|x64
		{351A6027-FB09-429A-B3BC-160CCA72BB6F}.Release|x86.ActiveCfg = Release|Win32
		{351A6027-FB09-429A-B3BC-160CCA72BB6F}.Release|x86.Build.0 = Release|Win32
		{F6B96968-2B68-499E-A7A8-AEAE8BE30DD3}.Debug|x64.ActiveCfg = Debug|x64
		{F6B96968-2B68-499E-A7A8-AEAE8BE30DD3}.Debug|x64.Build.0 = Debug|x64
		{F6B96968-2B68-499E-A7A8-AEAE8BE30DD3}.Debug|x86.ActiveCfg = Debug|Win32
		{F6B96968-2B68-499E-A7A8-AEAE8BE30DD3}.Debug|x86.Build.0 = Debug|Win32
		{F6B96968-2B68-499E-A7A8-AEAE8BE30DD3}.Release|x64.ActiveCfg = Release|x64
		{F6B96968-2B68-499E-A7A8-AEAE8BE30DD3}.Release|x64.Build.0 = Release|x64
		{F6B96968-2B68-499E-A7A8-AEAE8BE30DD3}.Release|x86.ActiveCfg = Release|Win32
		{F6B96968-2B68-499E-A7A8-AEAE8BE30DD3}.Release|x86.Build.0 = Release|Win32
		{F8634A94-7A32-4799-9BB8-479A40432D7C}.Debug|x64.ActiveCfg = Debug|x64
		{F8634A94-7A32-4799-9BB8-479A40432D7C}.Debug|x64.Build.0 = Debug|x64
		{F8634A94-7A32-4799-9BB8-479A40432D7C}.Debug|x86.ActiveCfg = Debug|Win32
		{F8634A94-7A32-4799-9BB8-479A40432D7C}.Debug|x86.Build.0 = Debug|Win32
		{F8634A94-7A32-4799-9BB8-479A40432D7C}.Release|x64.ActiveCfg = Release|x64
		{F8634A94-7A32-4799-9BB8-479A40432D7C}.Release|x64.Build.0 = Release|x64
		{F8634A94-7A32-4799-9BB8-479A40432D7C}.Release|x86.ActiveCfg = Release|Win32
		{F8634A94-7A32-4799-9BB8-479A40432D7C}.Release|x86.Build.0 = Release|Win32
		{7D2F0316-B6A8-445E-A1D9-64DDF0B79C60}.Debug|x64.ActiveCfg = Debug|x64
		{7D2F0316-B6A8-445E-A1D9-64DDF0B79C60}.Debug|x64.Build.0 = Debug|x64
		{7D2F0316-B6A8-445E-A1D9-64DDF0B79C60}.Debug|x86.ActiveCfg = Debug|Win32
		{7D2F0316-B6A8-445E-A1D9-64DDF0B79C60}.Debug|x86.Build.0 = Debug|Win32
		{7D2F0316-B6A8-445E-A1D9-64DDF0B79C60}.Release|x64.ActiveCfg = Release|x64
		{7D2F0316-B6A8-445E-A1D9-64DDF0B79C60}.Release|x64.Build.0 = Release|x64
		{7D2F0316-B6A8-445E-A1D9-64DDF0B79C60}.Release|x86.ActiveCfg = Release|Win32
		{7D2F0316-B6A8-445E-A1D9-64DDF0B79C60}.Release|x86.Build.0 = Release|Win32
		{73D64F63-FEEF-4A6F-A87B-44199FBCF4DA}.Debug|x64.ActiveCfg = Debug|x64
		{73D64F63-FEEF-4A6F-A87B-44199FBCF4DA}.Debug|x64.Build.0 = Debug|x64
		{73D64F63-FEEF-4A6F-A87B-44199FBCF4DA}.Debug|x86.ActiveCfg = Debug|Win32
		{73D64F63-FEEF-4A6F-A87B-44199FBCF4DA}.Debug|x86.Build.0 = Debug|Win32
		{73D64F63-FEEF-4A6F-A87B-44199FBCF4DA}.Release|x64.ActiveCfg = Release|x64
		{73D64F63-FEEF-4A6F-A87B-44199FBCF4DA}.Release|x64.Build.0 = Release|x64
		{73D64F63-FEEF-4A6F-A87B-44199FBCF4DA}.Release|x86.ActiveCfg = Release|Win32
		{73D64F63-FEEF-4A6F-A87B-44199FBCF4DA}.Release|x86.Build.0 = Release|Win32
		{A58A9C27-0658-4C6D-9098-4FB845049C99}.Debug|x64.ActiveCfg = Debug|x64
		{A58A9C27-0658-4C6D-9098-4FB845049C99}.Debug|x64.Build.0 = Debug|x64
		{A58A9C27-0658-4C6D-9098-4FB845049C99}.Debug|x86.ActiveCfg = Debug|Win32
		{A58A9C27-0658-4C6D-9098-4FB845049C99}.Debug|x86.Build.0 = Debug|Win32
		{A58A9C27-0658-4C6D-9098-4FB845049C99}.Release|x64.ActiveCfg = Release|x64
		{A58A9C27-0658-4C6D-9098-4FB845049C99}.Release|x64.Build.0 = Release|x64
		{A58A9C27-0658-4C6D-9098-4FB845049C99}.Release|x86.ActiveCfg = Release|Win32
		{A58A9C27-0658-4C6D-9098-4FB845049C99}.Release|x86.Build.0 = Release|Win32
		{ED6CFBA4-970B-4339-833C-2D2D29E97D02}.Debug|x64.ActiveCfg = Debug|x64
		{ED6CFBA4-970B-4339-833C-2D2D29E97D02}.Debug|x64.Build.0 = Debug|x64
		{ED6CFBA4-970B-4339-833C-2D2D29E97D02}.Debug|x86.ActiveCfg = Debug|Win32
		{ED6CFBA4-970B-4339-833C-2D2D29E97D02}.Debug|x86.Build.0 = Debug|Win32
		{ED6CFBA4-970B-4339-833C-2D2D29E97D02}.Release|x64.ActiveCfg = Release|x64
		{ED6CFBA4-970B-4339-833C-2D2D29E97D02}.Release|x64.Build.0 = Release|x64
		{ED6CFBA4-970B-4339-833C-2D2D29E97D02}.Release|x86.ActiveCfg = Release|Win32
		{ED6CFBA4-970B-4339-833C-2D2D29E97D02}.Release|x86.Build.0 = Release|Win32
	EndGlobalSection
	GlobalSection(SolutionProperties) = preSolution
		HideSolutionNode = FALSE
	EndGlobalSection
	GlobalSection(ExtensibilityGlobals) = postSolution
		SolutionGuid = {B7C4C764-A618-4B17-9160-2764F56AE2BD}
	EndGlobalSection
EndGlobal
