
Microsoft Visual Studio Solution File, Format Version 12.00
# Visual Studio Version 16
VisualStudioVersion = 16.0.31313.79
MinimumVisualStudioVersion = 10.0.40219.1
Project("{8BC9CEB8-8B4A-11D0-8D11-00A0C91BC942}") = "EX 1", "EX1.vcxproj", "{3A581064-36F9-464F-8D6B-F389C3BEDF3D}"
EndProject
Project("{8BC9CEB8-8B4A-11D0-8D11-00A0C91BC942}") = "EX 2", "..\EX2\EX2.vcxproj", "{FBB082FB-4ECC-41F2-A8F6-CCBF734B7F3F}"
EndProject
Project("{8BC9CEB8-8B4A-11D0-8D11-00A0C91BC942}") = "EX 3", "..\EX 3\EX 3.vcxproj", "{CD06729D-094A-4E3A-9241-E2F8756E9DFC}"
EndProject
Project("{8BC9CEB8-8B4A-11D0-8D11-00A0C91BC942}") = "EX 4", "..\EX 4\EX 4.vcxproj", "{785B09B5-AED8-4C4C-A05A-2FB3719048B4}"
EndProject
Project("{8BC9CEB8-8B4A-11D0-8D11-00A0C91BC942}") = "EX 5", "..\EX 5\EX 5.vcxproj", "{AC3FDDEC-5FC2-4B06-B053-22C397EA5A03}"
EndProject
Project("{8BC9CEB8-8B4A-11D0-8D11-00A0C91BC942}") = "EX 6", "..\EX 6\EX 6.vcxproj", "{A6C8414A-C4F5-464C-A5E3-A46A842ACC96}"
EndProject
Project("{8BC9CEB8-8B4A-11D0-8D11-00A0C91BC942}") = "EX 7", "..\EX 7\EX 7.vcxproj", "{6C25B40D-212D-4DCE-A967-A170CD26167A}"
EndProject
Project("{8BC9CEB8-8B4A-11D0-8D11-00A0C91BC942}") = "EX 7 IF MASTER", "..\EX 7 IF MASTER\EX 7 IF MASTER.vcxproj", "{FE3027CC-2109-4CAB-8D30-7B5D2D73171F}"
EndProject
Project("{8BC9CEB8-8B4A-11D0-8D11-00A0C91BC942}") = "EX 7 IF MASTER 2", "..\EX 7 IF MASTER 2\EX 7 IF MASTER 2.vcxproj", "{2F5B318C-BA4E-4748-8311-C0E713561C62}"
EndProject
Project("{8BC9CEB8-8B4A-11D0-8D11-00A0C91BC942}") = "EX 8 SWITCH", "..\EX 8 SWITCH\EX 8 SWITCH.vcxproj", "{C6D179B7-0961-4E34-8902-D751F9019AC1}"
EndProject
Project("{8BC9CEB8-8B4A-11D0-8D11-00A0C91BC942}") = "EX 9", "..\EX 9\EX 9.vcxproj", "{BA47F7E6-3B6C-4BC6-8AC6-62EDFEF61119}"
EndProject
Project("{8BC9CEB8-8B4A-11D0-8D11-00A0C91BC942}") = "EX 10", "..\EX 10\EX 10.vcxproj", "{8F945472-4A0E-4BCB-9774-EDDFBE34D359}"
EndProject
Project("{8BC9CEB8-8B4A-11D0-8D11-00A0C91BC942}") = "EX 11", "..\EX 11\EX 11.vcxproj", "{65DE9E2B-E784-4F52-B565-8E4819DA7EBE}"
EndProject
Project("{8BC9CEB8-8B4A-11D0-8D11-00A0C91BC942}") = "EX 12배열", "..\EX 12배열\EX 12배열.vcxproj", "{249025AD-4432-406A-9BA3-20AC7628E9D0}"
EndProject
Project("{8BC9CEB8-8B4A-11D0-8D11-00A0C91BC942}") = "EX 12 배열 2", "..\EX 12 배열 2\EX 12 배열 2.vcxproj", "{396210D5-2461-4FCD-AC3E-75DFAC465B57}"
EndProject
Project("{8BC9CEB8-8B4A-11D0-8D11-00A0C91BC942}") = "EX 13 배열", "..\EX 13 2차원배열\EX 13 2차원배열.vcxproj", "{F2751F9C-B33C-4156-A208-4F85574B7966}"
EndProject
Project("{8BC9CEB8-8B4A-11D0-8D11-00A0C91BC942}") = "EX 14 문자열", "..\EX 14 문자열\EX 14 문자열.vcxproj", "{9D6B8D82-58CB-4D32-B153-C9911C8AC5F9}"
EndProject
Project("{8BC9CEB8-8B4A-11D0-8D11-00A0C91BC942}") = "example", "..\example\example.vcxproj", "{6774E65A-7287-4993-89D7-23C9B2B8D596}"
EndProject
Project("{8BC9CEB8-8B4A-11D0-8D11-00A0C91BC942}") = "EX 14 - 2 문자열 2", "..\EX 14 - 2 문자열 2\EX 14 - 2 문자열 2.vcxproj", "{C0B90A6F-9DAE-4432-9606-4C0299A1052E}"
EndProject
Project("{8BC9CEB8-8B4A-11D0-8D11-00A0C91BC942}") = "EX 15 테트리스 만들기", "..\EX 15 테트리스 만들기\EX 15 테트리스 만들기.vcxproj", "{6F5A3B86-9951-4597-AAA6-552CCEDAA307}"
EndProject
Project("{8BC9CEB8-8B4A-11D0-8D11-00A0C91BC942}") = "EX 16 중간점검", "..\EX 16 중간점검\EX 16 중간점검.vcxproj", "{7D8F7AA9-0BD5-4F5D-AC02-13955245D721}"
EndProject
Project("{8BC9CEB8-8B4A-11D0-8D11-00A0C91BC942}") = "EX 17 함수", "..\EX 17 함수\EX 17 함수.vcxproj", "{BF508F78-095B-44C1-9C1F-3209DBD659E6}"
EndProject
Project("{8BC9CEB8-8B4A-11D0-8D11-00A0C91BC942}") = "EX 18 함수2", "..\EX 18 함수2\EX 18 함수2.vcxproj", "{BFBFD5E1-18D1-4E7D-BEEB-E01ADDA6A440}"
EndProject
Project("{8BC9CEB8-8B4A-11D0-8D11-00A0C91BC942}") = "EX 19 각종변수(전역 외부 스태틱)", "..\EX19\EX19.vcxproj", "{014208C5-9A9D-4562-85F8-642CB01D37EF}"
EndProject
Project("{8BC9CEB8-8B4A-11D0-8D11-00A0C91BC942}") = "EX 19-1", "..\EX 19-1\EX 19-1.vcxproj", "{383D0181-A7B4-487E-870D-55A654FDBCB1}"
EndProject
Project("{8BC9CEB8-8B4A-11D0-8D11-00A0C91BC942}") = "EX 20 stack and queue", "..\EX 20 stack and queue\EX 20 stack and queue.vcxproj", "{36064EDF-C474-4B3A-AE47-52661FBC6274}"
EndProject
Project("{8BC9CEB8-8B4A-11D0-8D11-00A0C91BC942}") = "EX 20 - 1", "..\EX 20 - 1\EX 20 - 1.vcxproj", "{7881F162-6D4A-4A89-B6E5-58335DE94EF0}"
EndProject
Project("{8BC9CEB8-8B4A-11D0-8D11-00A0C91BC942}") = "EX 22 중간점검 2", "..\EX 22 중간점검 2\EX 22 중간점검 2.vcxproj", "{A597ACD4-D809-4FFA-AF67-378900085288}"
EndProject
Project("{8BC9CEB8-8B4A-11D0-8D11-00A0C91BC942}") = "EX 22 중간점검 2-3", "..\EX 22 중간점검 2-3\EX 22 중간점검 2-3.vcxproj", "{EE22A338-DE9A-42F4-84B4-A6E36910E8C4}"
EndProject
Project("{8BC9CEB8-8B4A-11D0-8D11-00A0C91BC942}") = "EX 23 재귀함수", "..\EX 23 재귀함수\EX 23 재귀함수.vcxproj", "{0364BBD7-E6C6-41B0-BD70-C6E95EE13CFB}"
EndProject
Project("{8BC9CEB8-8B4A-11D0-8D11-00A0C91BC942}") = "EX 24 하노이탑", "..\EX 24 하노이탑\EX 24 하노이탑.vcxproj", "{59AEB599-DF95-43D8-8930-EDD647ADA9F2}"
EndProject
Project("{8BC9CEB8-8B4A-11D0-8D11-00A0C91BC942}") = "EX 25 HONOI VER.2", "..\EX 25 HONOI VER.2\EX 25 HONOI VER.2.vcxproj", "{6C1C275F-CA7C-4D80-84DD-D367F69A0AE9}"
EndProject
Project("{8BC9CEB8-8B4A-11D0-8D11-00A0C91BC942}") = "EX 26 포인터", "..\EX 26 포인터\EX 26 포인터.vcxproj", "{391CFC73-575E-46DB-91BA-8109E1BB1BC7}"
EndProject
Project("{8BC9CEB8-8B4A-11D0-8D11-00A0C91BC942}") = "EX 26 - 1 포인터", "..\EX 26 - 1 포인터\EX 26 - 1 포인터.vcxproj", "{9EC84F00-2673-4C7E-8827-4E1ED6EFF776}"
EndProject
Project("{8BC9CEB8-8B4A-11D0-8D11-00A0C91BC942}") = "EX 26 - 2 포인터", "..\EX 26 - 2 포인터\EX 26 - 2 포인터.vcxproj", "{013CF057-9CD8-4708-8DAB-D07BFD31E13D}"
EndProject
Project("{8BC9CEB8-8B4A-11D0-8D11-00A0C91BC942}") = "EX 26 - 3 포인터(배열)", "..\EX 26 - 3 포인터(배열)\EX 26 - 3 포인터(배열).vcxproj", "{4D1292C5-79F6-40DD-8BC9-97B845A65E40}"
EndProject
Project("{8BC9CEB8-8B4A-11D0-8D11-00A0C91BC942}") = "EX 26 - 4 배열 2", "..\EX 26 - 4 배열 2\EX 26 - 4 배열 2.vcxproj", "{E75D1E8E-CF95-4288-AAC8-D6D8C1E4E7E0}"
EndProject
Project("{8BC9CEB8-8B4A-11D0-8D11-00A0C91BC942}") = "EX 26 - 5 2차배열 포인터 (중요)", "..\EX26 포인터 - 5\EX26 포인터 - 5.vcxproj", "{B08E7860-C279-4681-A125-7E2ABF123472}"
EndProject
Project("{8BC9CEB8-8B4A-11D0-8D11-00A0C91BC942}") = "EX 26 - 6 문자열", "..\EX 26 포인터 - 6 문자열\EX 26 포인터 - 6 문자열.vcxproj", "{428689F3-1634-444C-9BDE-659521D95020}"
EndProject
Project("{8BC9CEB8-8B4A-11D0-8D11-00A0C91BC942}") = "EX 27 메모리", "..\EX 27 메모리\EX 27 메모리.vcxproj", "{489EEB14-B4F5-4C1C-9760-6012AE1C8D3B}"
EndProject
Project("{8BC9CEB8-8B4A-11D0-8D11-00A0C91BC942}") = "EX 27 - 1 메모리 2", "..\EX 27 - 1 메모리 2\EX 27 - 1 메모리 2.vcxproj", "{2C28E58E-A25F-4C23-BF51-F69F1A1015C3}"
EndProject
Project("{8BC9CEB8-8B4A-11D0-8D11-00A0C91BC942}") = "EX 27 - 2 동적할당 배열", "..\EX 27 - 2 동적할당 배열\EX 27 - 2 동적할당 배열.vcxproj", "{D6F9EDF7-2EE7-4BAA-A8C6-CACBC6F5DF3D}"
EndProject
Project("{8BC9CEB8-8B4A-11D0-8D11-00A0C91BC942}") = "EX 28 중간점검 동적할당 배열", "..\EX 28 중간점검 동적할당 배열\EX 28 중간점검 동적할당 배열.vcxproj", "{73951325-EE20-4500-BD44-F7B5DBED054E}"
EndProject
Project("{8BC9CEB8-8B4A-11D0-8D11-00A0C91BC942}") = "EX 29 2차원 배열 동적할당", "..\EX 29 2차원 배열 동적할당\EX 29 2차원 배열 동적할당.vcxproj", "{25A68799-3170-41B5-9781-620ACA5D2F6F}"
EndProject
Global
	GlobalSection(SolutionConfigurationPlatforms) = preSolution
		Debug|x64 = Debug|x64
		Debug|x86 = Debug|x86
		Release|x64 = Release|x64
		Release|x86 = Release|x86
	EndGlobalSection
	GlobalSection(ProjectConfigurationPlatforms) = postSolution
		{3A581064-36F9-464F-8D6B-F389C3BEDF3D}.Debug|x64.ActiveCfg = Debug|x64
		{3A581064-36F9-464F-8D6B-F389C3BEDF3D}.Debug|x64.Build.0 = Debug|x64
		{3A581064-36F9-464F-8D6B-F389C3BEDF3D}.Debug|x86.ActiveCfg = Debug|Win32
		{3A581064-36F9-464F-8D6B-F389C3BEDF3D}.Debug|x86.Build.0 = Debug|Win32
		{3A581064-36F9-464F-8D6B-F389C3BEDF3D}.Release|x64.ActiveCfg = Release|x64
		{3A581064-36F9-464F-8D6B-F389C3BEDF3D}.Release|x64.Build.0 = Release|x64
		{3A581064-36F9-464F-8D6B-F389C3BEDF3D}.Release|x86.ActiveCfg = Release|Win32
		{3A581064-36F9-464F-8D6B-F389C3BEDF3D}.Release|x86.Build.0 = Release|Win32
		{FBB082FB-4ECC-41F2-A8F6-CCBF734B7F3F}.Debug|x64.ActiveCfg = Debug|x64
		{FBB082FB-4ECC-41F2-A8F6-CCBF734B7F3F}.Debug|x64.Build.0 = Debug|x64
		{FBB082FB-4ECC-41F2-A8F6-CCBF734B7F3F}.Debug|x86.ActiveCfg = Debug|Win32
		{FBB082FB-4ECC-41F2-A8F6-CCBF734B7F3F}.Debug|x86.Build.0 = Debug|Win32
		{FBB082FB-4ECC-41F2-A8F6-CCBF734B7F3F}.Release|x64.ActiveCfg = Release|x64
		{FBB082FB-4ECC-41F2-A8F6-CCBF734B7F3F}.Release|x64.Build.0 = Release|x64
		{FBB082FB-4ECC-41F2-A8F6-CCBF734B7F3F}.Release|x86.ActiveCfg = Release|Win32
		{FBB082FB-4ECC-41F2-A8F6-CCBF734B7F3F}.Release|x86.Build.0 = Release|Win32
		{CD06729D-094A-4E3A-9241-E2F8756E9DFC}.Debug|x64.ActiveCfg = Debug|x64
		{CD06729D-094A-4E3A-9241-E2F8756E9DFC}.Debug|x64.Build.0 = Debug|x64
		{CD06729D-094A-4E3A-9241-E2F8756E9DFC}.Debug|x86.ActiveCfg = Debug|Win32
		{CD06729D-094A-4E3A-9241-E2F8756E9DFC}.Debug|x86.Build.0 = Debug|Win32
		{CD06729D-094A-4E3A-9241-E2F8756E9DFC}.Release|x64.ActiveCfg = Release|x64
		{CD06729D-094A-4E3A-9241-E2F8756E9DFC}.Release|x64.Build.0 = Release|x64
		{CD06729D-094A-4E3A-9241-E2F8756E9DFC}.Release|x86.ActiveCfg = Release|Win32
		{CD06729D-094A-4E3A-9241-E2F8756E9DFC}.Release|x86.Build.0 = Release|Win32
		{785B09B5-AED8-4C4C-A05A-2FB3719048B4}.Debug|x64.ActiveCfg = Debug|x64
		{785B09B5-AED8-4C4C-A05A-2FB3719048B4}.Debug|x64.Build.0 = Debug|x64
		{785B09B5-AED8-4C4C-A05A-2FB3719048B4}.Debug|x86.ActiveCfg = Debug|Win32
		{785B09B5-AED8-4C4C-A05A-2FB3719048B4}.Debug|x86.Build.0 = Debug|Win32
		{785B09B5-AED8-4C4C-A05A-2FB3719048B4}.Release|x64.ActiveCfg = Release|x64
		{785B09B5-AED8-4C4C-A05A-2FB3719048B4}.Release|x64.Build.0 = Release|x64
		{785B09B5-AED8-4C4C-A05A-2FB3719048B4}.Release|x86.ActiveCfg = Release|Win32
		{785B09B5-AED8-4C4C-A05A-2FB3719048B4}.Release|x86.Build.0 = Release|Win32
		{AC3FDDEC-5FC2-4B06-B053-22C397EA5A03}.Debug|x64.ActiveCfg = Debug|x64
		{AC3FDDEC-5FC2-4B06-B053-22C397EA5A03}.Debug|x64.Build.0 = Debug|x64
		{AC3FDDEC-5FC2-4B06-B053-22C397EA5A03}.Debug|x86.ActiveCfg = Debug|Win32
		{AC3FDDEC-5FC2-4B06-B053-22C397EA5A03}.Debug|x86.Build.0 = Debug|Win32
		{AC3FDDEC-5FC2-4B06-B053-22C397EA5A03}.Release|x64.ActiveCfg = Release|x64
		{AC3FDDEC-5FC2-4B06-B053-22C397EA5A03}.Release|x64.Build.0 = Release|x64
		{AC3FDDEC-5FC2-4B06-B053-22C397EA5A03}.Release|x86.ActiveCfg = Release|Win32
		{AC3FDDEC-5FC2-4B06-B053-22C397EA5A03}.Release|x86.Build.0 = Release|Win32
		{A6C8414A-C4F5-464C-A5E3-A46A842ACC96}.Debug|x64.ActiveCfg = Debug|x64
		{A6C8414A-C4F5-464C-A5E3-A46A842ACC96}.Debug|x64.Build.0 = Debug|x64
		{A6C8414A-C4F5-464C-A5E3-A46A842ACC96}.Debug|x86.ActiveCfg = Debug|Win32
		{A6C8414A-C4F5-464C-A5E3-A46A842ACC96}.Debug|x86.Build.0 = Debug|Win32
		{A6C8414A-C4F5-464C-A5E3-A46A842ACC96}.Release|x64.ActiveCfg = Release|x64
		{A6C8414A-C4F5-464C-A5E3-A46A842ACC96}.Release|x64.Build.0 = Release|x64
		{A6C8414A-C4F5-464C-A5E3-A46A842ACC96}.Release|x86.ActiveCfg = Release|Win32
		{A6C8414A-C4F5-464C-A5E3-A46A842ACC96}.Release|x86.Build.0 = Release|Win32
		{6C25B40D-212D-4DCE-A967-A170CD26167A}.Debug|x64.ActiveCfg = Debug|x64
		{6C25B40D-212D-4DCE-A967-A170CD26167A}.Debug|x64.Build.0 = Debug|x64
		{6C25B40D-212D-4DCE-A967-A170CD26167A}.Debug|x86.ActiveCfg = Debug|Win32
		{6C25B40D-212D-4DCE-A967-A170CD26167A}.Debug|x86.Build.0 = Debug|Win32
		{6C25B40D-212D-4DCE-A967-A170CD26167A}.Release|x64.ActiveCfg = Release|x64
		{6C25B40D-212D-4DCE-A967-A170CD26167A}.Release|x64.Build.0 = Release|x64
		{6C25B40D-212D-4DCE-A967-A170CD26167A}.Release|x86.ActiveCfg = Release|Win32
		{6C25B40D-212D-4DCE-A967-A170CD26167A}.Release|x86.Build.0 = Release|Win32
		{FE3027CC-2109-4CAB-8D30-7B5D2D73171F}.Debug|x64.ActiveCfg = Debug|x64
		{FE3027CC-2109-4CAB-8D30-7B5D2D73171F}.Debug|x64.Build.0 = Debug|x64
		{FE3027CC-2109-4CAB-8D30-7B5D2D73171F}.Debug|x86.ActiveCfg = Debug|Win32
		{FE3027CC-2109-4CAB-8D30-7B5D2D73171F}.Debug|x86.Build.0 = Debug|Win32
		{FE3027CC-2109-4CAB-8D30-7B5D2D73171F}.Release|x64.ActiveCfg = Release|x64
		{FE3027CC-2109-4CAB-8D30-7B5D2D73171F}.Release|x64.Build.0 = Release|x64
		{FE3027CC-2109-4CAB-8D30-7B5D2D73171F}.Release|x86.ActiveCfg = Release|Win32
		{FE3027CC-2109-4CAB-8D30-7B5D2D73171F}.Release|x86.Build.0 = Release|Win32
		{2F5B318C-BA4E-4748-8311-C0E713561C62}.Debug|x64.ActiveCfg = Debug|x64
		{2F5B318C-BA4E-4748-8311-C0E713561C62}.Debug|x64.Build.0 = Debug|x64
		{2F5B318C-BA4E-4748-8311-C0E713561C62}.Debug|x86.ActiveCfg = Debug|Win32
		{2F5B318C-BA4E-4748-8311-C0E713561C62}.Debug|x86.Build.0 = Debug|Win32
		{2F5B318C-BA4E-4748-8311-C0E713561C62}.Release|x64.ActiveCfg = Release|x64
		{2F5B318C-BA4E-4748-8311-C0E713561C62}.Release|x64.Build.0 = Release|x64
		{2F5B318C-BA4E-4748-8311-C0E713561C62}.Release|x86.ActiveCfg = Release|Win32
		{2F5B318C-BA4E-4748-8311-C0E713561C62}.Release|x86.Build.0 = Release|Win32
		{C6D179B7-0961-4E34-8902-D751F9019AC1}.Debug|x64.ActiveCfg = Debug|x64
		{C6D179B7-0961-4E34-8902-D751F9019AC1}.Debug|x64.Build.0 = Debug|x64
		{C6D179B7-0961-4E34-8902-D751F9019AC1}.Debug|x86.ActiveCfg = Debug|Win32
		{C6D179B7-0961-4E34-8902-D751F9019AC1}.Debug|x86.Build.0 = Debug|Win32
		{C6D179B7-0961-4E34-8902-D751F9019AC1}.Release|x64.ActiveCfg = Release|x64
		{C6D179B7-0961-4E34-8902-D751F9019AC1}.Release|x64.Build.0 = Release|x64
		{C6D179B7-0961-4E34-8902-D751F9019AC1}.Release|x86.ActiveCfg = Release|Win32
		{C6D179B7-0961-4E34-8902-D751F9019AC1}.Release|x86.Build.0 = Release|Win32
		{BA47F7E6-3B6C-4BC6-8AC6-62EDFEF61119}.Debug|x64.ActiveCfg = Debug|x64
		{BA47F7E6-3B6C-4BC6-8AC6-62EDFEF61119}.Debug|x64.Build.0 = Debug|x64
		{BA47F7E6-3B6C-4BC6-8AC6-62EDFEF61119}.Debug|x86.ActiveCfg = Debug|Win32
		{BA47F7E6-3B6C-4BC6-8AC6-62EDFEF61119}.Debug|x86.Build.0 = Debug|Win32
		{BA47F7E6-3B6C-4BC6-8AC6-62EDFEF61119}.Release|x64.ActiveCfg = Release|x64
		{BA47F7E6-3B6C-4BC6-8AC6-62EDFEF61119}.Release|x64.Build.0 = Release|x64
		{BA47F7E6-3B6C-4BC6-8AC6-62EDFEF61119}.Release|x86.ActiveCfg = Release|Win32
		{BA47F7E6-3B6C-4BC6-8AC6-62EDFEF61119}.Release|x86.Build.0 = Release|Win32
		{8F945472-4A0E-4BCB-9774-EDDFBE34D359}.Debug|x64.ActiveCfg = Debug|x64
		{8F945472-4A0E-4BCB-9774-EDDFBE34D359}.Debug|x64.Build.0 = Debug|x64
		{8F945472-4A0E-4BCB-9774-EDDFBE34D359}.Debug|x86.ActiveCfg = Debug|Win32
		{8F945472-4A0E-4BCB-9774-EDDFBE34D359}.Debug|x86.Build.0 = Debug|Win32
		{8F945472-4A0E-4BCB-9774-EDDFBE34D359}.Release|x64.ActiveCfg = Release|x64
		{8F945472-4A0E-4BCB-9774-EDDFBE34D359}.Release|x64.Build.0 = Release|x64
		{8F945472-4A0E-4BCB-9774-EDDFBE34D359}.Release|x86.ActiveCfg = Release|Win32
		{8F945472-4A0E-4BCB-9774-EDDFBE34D359}.Release|x86.Build.0 = Release|Win32
		{65DE9E2B-E784-4F52-B565-8E4819DA7EBE}.Debug|x64.ActiveCfg = Debug|x64
		{65DE9E2B-E784-4F52-B565-8E4819DA7EBE}.Debug|x64.Build.0 = Debug|x64
		{65DE9E2B-E784-4F52-B565-8E4819DA7EBE}.Debug|x86.ActiveCfg = Debug|Win32
		{65DE9E2B-E784-4F52-B565-8E4819DA7EBE}.Debug|x86.Build.0 = Debug|Win32
		{65DE9E2B-E784-4F52-B565-8E4819DA7EBE}.Release|x64.ActiveCfg = Release|x64
		{65DE9E2B-E784-4F52-B565-8E4819DA7EBE}.Release|x64.Build.0 = Release|x64
		{65DE9E2B-E784-4F52-B565-8E4819DA7EBE}.Release|x86.ActiveCfg = Release|Win32
		{65DE9E2B-E784-4F52-B565-8E4819DA7EBE}.Release|x86.Build.0 = Release|Win32
		{249025AD-4432-406A-9BA3-20AC7628E9D0}.Debug|x64.ActiveCfg = Debug|x64
		{249025AD-4432-406A-9BA3-20AC7628E9D0}.Debug|x64.Build.0 = Debug|x64
		{249025AD-4432-406A-9BA3-20AC7628E9D0}.Debug|x86.ActiveCfg = Debug|Win32
		{249025AD-4432-406A-9BA3-20AC7628E9D0}.Debug|x86.Build.0 = Debug|Win32
		{249025AD-4432-406A-9BA3-20AC7628E9D0}.Release|x64.ActiveCfg = Release|x64
		{249025AD-4432-406A-9BA3-20AC7628E9D0}.Release|x64.Build.0 = Release|x64
		{249025AD-4432-406A-9BA3-20AC7628E9D0}.Release|x86.ActiveCfg = Release|Win32
		{249025AD-4432-406A-9BA3-20AC7628E9D0}.Release|x86.Build.0 = Release|Win32
		{396210D5-2461-4FCD-AC3E-75DFAC465B57}.Debug|x64.ActiveCfg = Debug|x64
		{396210D5-2461-4FCD-AC3E-75DFAC465B57}.Debug|x64.Build.0 = Debug|x64
		{396210D5-2461-4FCD-AC3E-75DFAC465B57}.Debug|x86.ActiveCfg = Debug|Win32
		{396210D5-2461-4FCD-AC3E-75DFAC465B57}.Debug|x86.Build.0 = Debug|Win32
		{396210D5-2461-4FCD-AC3E-75DFAC465B57}.Release|x64.ActiveCfg = Release|x64
		{396210D5-2461-4FCD-AC3E-75DFAC465B57}.Release|x64.Build.0 = Release|x64
		{396210D5-2461-4FCD-AC3E-75DFAC465B57}.Release|x86.ActiveCfg = Release|Win32
		{396210D5-2461-4FCD-AC3E-75DFAC465B57}.Release|x86.Build.0 = Release|Win32
		{F2751F9C-B33C-4156-A208-4F85574B7966}.Debug|x64.ActiveCfg = Debug|x64
		{F2751F9C-B33C-4156-A208-4F85574B7966}.Debug|x64.Build.0 = Debug|x64
		{F2751F9C-B33C-4156-A208-4F85574B7966}.Debug|x86.ActiveCfg = Debug|Win32
		{F2751F9C-B33C-4156-A208-4F85574B7966}.Debug|x86.Build.0 = Debug|Win32
		{F2751F9C-B33C-4156-A208-4F85574B7966}.Release|x64.ActiveCfg = Release|x64
		{F2751F9C-B33C-4156-A208-4F85574B7966}.Release|x64.Build.0 = Release|x64
		{F2751F9C-B33C-4156-A208-4F85574B7966}.Release|x86.ActiveCfg = Release|Win32
		{F2751F9C-B33C-4156-A208-4F85574B7966}.Release|x86.Build.0 = Release|Win32
		{9D6B8D82-58CB-4D32-B153-C9911C8AC5F9}.Debug|x64.ActiveCfg = Debug|x64
		{9D6B8D82-58CB-4D32-B153-C9911C8AC5F9}.Debug|x64.Build.0 = Debug|x64
		{9D6B8D82-58CB-4D32-B153-C9911C8AC5F9}.Debug|x86.ActiveCfg = Debug|Win32
		{9D6B8D82-58CB-4D32-B153-C9911C8AC5F9}.Debug|x86.Build.0 = Debug|Win32
		{9D6B8D82-58CB-4D32-B153-C9911C8AC5F9}.Release|x64.ActiveCfg = Release|x64
		{9D6B8D82-58CB-4D32-B153-C9911C8AC5F9}.Release|x64.Build.0 = Release|x64
		{9D6B8D82-58CB-4D32-B153-C9911C8AC5F9}.Release|x86.ActiveCfg = Release|Win32
		{9D6B8D82-58CB-4D32-B153-C9911C8AC5F9}.Release|x86.Build.0 = Release|Win32
		{6774E65A-7287-4993-89D7-23C9B2B8D596}.Debug|x64.ActiveCfg = Debug|x64
		{6774E65A-7287-4993-89D7-23C9B2B8D596}.Debug|x64.Build.0 = Debug|x64
		{6774E65A-7287-4993-89D7-23C9B2B8D596}.Debug|x86.ActiveCfg = Debug|Win32
		{6774E65A-7287-4993-89D7-23C9B2B8D596}.Debug|x86.Build.0 = Debug|Win32
		{6774E65A-7287-4993-89D7-23C9B2B8D596}.Release|x64.ActiveCfg = Release|x64
		{6774E65A-7287-4993-89D7-23C9B2B8D596}.Release|x64.Build.0 = Release|x64
		{6774E65A-7287-4993-89D7-23C9B2B8D596}.Release|x86.ActiveCfg = Release|Win32
		{6774E65A-7287-4993-89D7-23C9B2B8D596}.Release|x86.Build.0 = Release|Win32
		{C0B90A6F-9DAE-4432-9606-4C0299A1052E}.Debug|x64.ActiveCfg = Debug|x64
		{C0B90A6F-9DAE-4432-9606-4C0299A1052E}.Debug|x64.Build.0 = Debug|x64
		{C0B90A6F-9DAE-4432-9606-4C0299A1052E}.Debug|x86.ActiveCfg = Debug|Win32
		{C0B90A6F-9DAE-4432-9606-4C0299A1052E}.Debug|x86.Build.0 = Debug|Win32
		{C0B90A6F-9DAE-4432-9606-4C0299A1052E}.Release|x64.ActiveCfg = Release|x64
		{C0B90A6F-9DAE-4432-9606-4C0299A1052E}.Release|x64.Build.0 = Release|x64
		{C0B90A6F-9DAE-4432-9606-4C0299A1052E}.Release|x86.ActiveCfg = Release|Win32
		{C0B90A6F-9DAE-4432-9606-4C0299A1052E}.Release|x86.Build.0 = Release|Win32
		{6F5A3B86-9951-4597-AAA6-552CCEDAA307}.Debug|x64.ActiveCfg = Debug|x64
		{6F5A3B86-9951-4597-AAA6-552CCEDAA307}.Debug|x64.Build.0 = Debug|x64
		{6F5A3B86-9951-4597-AAA6-552CCEDAA307}.Debug|x86.ActiveCfg = Debug|Win32
		{6F5A3B86-9951-4597-AAA6-552CCEDAA307}.Debug|x86.Build.0 = Debug|Win32
		{6F5A3B86-9951-4597-AAA6-552CCEDAA307}.Release|x64.ActiveCfg = Release|x64
		{6F5A3B86-9951-4597-AAA6-552CCEDAA307}.Release|x64.Build.0 = Release|x64
		{6F5A3B86-9951-4597-AAA6-552CCEDAA307}.Release|x86.ActiveCfg = Release|Win32
		{6F5A3B86-9951-4597-AAA6-552CCEDAA307}.Release|x86.Build.0 = Release|Win32
		{7D8F7AA9-0BD5-4F5D-AC02-13955245D721}.Debug|x64.ActiveCfg = Debug|x64
		{7D8F7AA9-0BD5-4F5D-AC02-13955245D721}.Debug|x64.Build.0 = Debug|x64
		{7D8F7AA9-0BD5-4F5D-AC02-13955245D721}.Debug|x86.ActiveCfg = Debug|Win32
		{7D8F7AA9-0BD5-4F5D-AC02-13955245D721}.Debug|x86.Build.0 = Debug|Win32
		{7D8F7AA9-0BD5-4F5D-AC02-13955245D721}.Release|x64.ActiveCfg = Release|x64
		{7D8F7AA9-0BD5-4F5D-AC02-13955245D721}.Release|x64.Build.0 = Release|x64
		{7D8F7AA9-0BD5-4F5D-AC02-13955245D721}.Release|x86.ActiveCfg = Release|Win32
		{7D8F7AA9-0BD5-4F5D-AC02-13955245D721}.Release|x86.Build.0 = Release|Win32
		{BF508F78-095B-44C1-9C1F-3209DBD659E6}.Debug|x64.ActiveCfg = Debug|x64
		{BF508F78-095B-44C1-9C1F-3209DBD659E6}.Debug|x64.Build.0 = Debug|x64
		{BF508F78-095B-44C1-9C1F-3209DBD659E6}.Debug|x86.ActiveCfg = Debug|Win32
		{BF508F78-095B-44C1-9C1F-3209DBD659E6}.Debug|x86.Build.0 = Debug|Win32
		{BF508F78-095B-44C1-9C1F-3209DBD659E6}.Release|x64.ActiveCfg = Release|x64
		{BF508F78-095B-44C1-9C1F-3209DBD659E6}.Release|x64.Build.0 = Release|x64
		{BF508F78-095B-44C1-9C1F-3209DBD659E6}.Release|x86.ActiveCfg = Release|Win32
		{BF508F78-095B-44C1-9C1F-3209DBD659E6}.Release|x86.Build.0 = Release|Win32
		{BFBFD5E1-18D1-4E7D-BEEB-E01ADDA6A440}.Debug|x64.ActiveCfg = Debug|x64
		{BFBFD5E1-18D1-4E7D-BEEB-E01ADDA6A440}.Debug|x64.Build.0 = Debug|x64
		{BFBFD5E1-18D1-4E7D-BEEB-E01ADDA6A440}.Debug|x86.ActiveCfg = Debug|Win32
		{BFBFD5E1-18D1-4E7D-BEEB-E01ADDA6A440}.Debug|x86.Build.0 = Debug|Win32
		{BFBFD5E1-18D1-4E7D-BEEB-E01ADDA6A440}.Release|x64.ActiveCfg = Release|x64
		{BFBFD5E1-18D1-4E7D-BEEB-E01ADDA6A440}.Release|x64.Build.0 = Release|x64
		{BFBFD5E1-18D1-4E7D-BEEB-E01ADDA6A440}.Release|x86.ActiveCfg = Release|Win32
		{BFBFD5E1-18D1-4E7D-BEEB-E01ADDA6A440}.Release|x86.Build.0 = Release|Win32
		{014208C5-9A9D-4562-85F8-642CB01D37EF}.Debug|x64.ActiveCfg = Debug|x64
		{014208C5-9A9D-4562-85F8-642CB01D37EF}.Debug|x64.Build.0 = Debug|x64
		{014208C5-9A9D-4562-85F8-642CB01D37EF}.Debug|x86.ActiveCfg = Debug|Win32
		{014208C5-9A9D-4562-85F8-642CB01D37EF}.Debug|x86.Build.0 = Debug|Win32
		{014208C5-9A9D-4562-85F8-642CB01D37EF}.Release|x64.ActiveCfg = Release|x64
		{014208C5-9A9D-4562-85F8-642CB01D37EF}.Release|x64.Build.0 = Release|x64
		{014208C5-9A9D-4562-85F8-642CB01D37EF}.Release|x86.ActiveCfg = Release|Win32
		{014208C5-9A9D-4562-85F8-642CB01D37EF}.Release|x86.Build.0 = Release|Win32
		{383D0181-A7B4-487E-870D-55A654FDBCB1}.Debug|x64.ActiveCfg = Debug|x64
		{383D0181-A7B4-487E-870D-55A654FDBCB1}.Debug|x64.Build.0 = Debug|x64
		{383D0181-A7B4-487E-870D-55A654FDBCB1}.Debug|x86.ActiveCfg = Debug|Win32
		{383D0181-A7B4-487E-870D-55A654FDBCB1}.Debug|x86.Build.0 = Debug|Win32
		{383D0181-A7B4-487E-870D-55A654FDBCB1}.Release|x64.ActiveCfg = Release|x64
		{383D0181-A7B4-487E-870D-55A654FDBCB1}.Release|x64.Build.0 = Release|x64
		{383D0181-A7B4-487E-870D-55A654FDBCB1}.Release|x86.ActiveCfg = Release|Win32
		{383D0181-A7B4-487E-870D-55A654FDBCB1}.Release|x86.Build.0 = Release|Win32
		{36064EDF-C474-4B3A-AE47-52661FBC6274}.Debug|x64.ActiveCfg = Debug|x64
		{36064EDF-C474-4B3A-AE47-52661FBC6274}.Debug|x64.Build.0 = Debug|x64
		{36064EDF-C474-4B3A-AE47-52661FBC6274}.Debug|x86.ActiveCfg = Debug|Win32
		{36064EDF-C474-4B3A-AE47-52661FBC6274}.Debug|x86.Build.0 = Debug|Win32
		{36064EDF-C474-4B3A-AE47-52661FBC6274}.Release|x64.ActiveCfg = Release|x64
		{36064EDF-C474-4B3A-AE47-52661FBC6274}.Release|x64.Build.0 = Release|x64
		{36064EDF-C474-4B3A-AE47-52661FBC6274}.Release|x86.ActiveCfg = Release|Win32
		{36064EDF-C474-4B3A-AE47-52661FBC6274}.Release|x86.Build.0 = Release|Win32
		{7881F162-6D4A-4A89-B6E5-58335DE94EF0}.Debug|x64.ActiveCfg = Debug|x64
		{7881F162-6D4A-4A89-B6E5-58335DE94EF0}.Debug|x64.Build.0 = Debug|x64
		{7881F162-6D4A-4A89-B6E5-58335DE94EF0}.Debug|x86.ActiveCfg = Debug|Win32
		{7881F162-6D4A-4A89-B6E5-58335DE94EF0}.Debug|x86.Build.0 = Debug|Win32
		{7881F162-6D4A-4A89-B6E5-58335DE94EF0}.Release|x64.ActiveCfg = Release|x64
		{7881F162-6D4A-4A89-B6E5-58335DE94EF0}.Release|x64.Build.0 = Release|x64
		{7881F162-6D4A-4A89-B6E5-58335DE94EF0}.Release|x86.ActiveCfg = Release|Win32
		{7881F162-6D4A-4A89-B6E5-58335DE94EF0}.Release|x86.Build.0 = Release|Win32
		{A597ACD4-D809-4FFA-AF67-378900085288}.Debug|x64.ActiveCfg = Debug|x64
		{A597ACD4-D809-4FFA-AF67-378900085288}.Debug|x64.Build.0 = Debug|x64
		{A597ACD4-D809-4FFA-AF67-378900085288}.Debug|x86.ActiveCfg = Debug|Win32
		{A597ACD4-D809-4FFA-AF67-378900085288}.Debug|x86.Build.0 = Debug|Win32
		{A597ACD4-D809-4FFA-AF67-378900085288}.Release|x64.ActiveCfg = Release|x64
		{A597ACD4-D809-4FFA-AF67-378900085288}.Release|x64.Build.0 = Release|x64
		{A597ACD4-D809-4FFA-AF67-378900085288}.Release|x86.ActiveCfg = Release|Win32
		{A597ACD4-D809-4FFA-AF67-378900085288}.Release|x86.Build.0 = Release|Win32
		{EE22A338-DE9A-42F4-84B4-A6E36910E8C4}.Debug|x64.ActiveCfg = Debug|x64
		{EE22A338-DE9A-42F4-84B4-A6E36910E8C4}.Debug|x64.Build.0 = Debug|x64
		{EE22A338-DE9A-42F4-84B4-A6E36910E8C4}.Debug|x86.ActiveCfg = Debug|Win32
		{EE22A338-DE9A-42F4-84B4-A6E36910E8C4}.Debug|x86.Build.0 = Debug|Win32
		{EE22A338-DE9A-42F4-84B4-A6E36910E8C4}.Release|x64.ActiveCfg = Release|x64
		{EE22A338-DE9A-42F4-84B4-A6E36910E8C4}.Release|x64.Build.0 = Release|x64
		{EE22A338-DE9A-42F4-84B4-A6E36910E8C4}.Release|x86.ActiveCfg = Release|Win32
		{EE22A338-DE9A-42F4-84B4-A6E36910E8C4}.Release|x86.Build.0 = Release|Win32
		{0364BBD7-E6C6-41B0-BD70-C6E95EE13CFB}.Debug|x64.ActiveCfg = Debug|x64
		{0364BBD7-E6C6-41B0-BD70-C6E95EE13CFB}.Debug|x64.Build.0 = Debug|x64
		{0364BBD7-E6C6-41B0-BD70-C6E95EE13CFB}.Debug|x86.ActiveCfg = Debug|Win32
		{0364BBD7-E6C6-41B0-BD70-C6E95EE13CFB}.Debug|x86.Build.0 = Debug|Win32
		{0364BBD7-E6C6-41B0-BD70-C6E95EE13CFB}.Release|x64.ActiveCfg = Release|x64
		{0364BBD7-E6C6-41B0-BD70-C6E95EE13CFB}.Release|x64.Build.0 = Release|x64
		{0364BBD7-E6C6-41B0-BD70-C6E95EE13CFB}.Release|x86.ActiveCfg = Release|Win32
		{0364BBD7-E6C6-41B0-BD70-C6E95EE13CFB}.Release|x86.Build.0 = Release|Win32
		{59AEB599-DF95-43D8-8930-EDD647ADA9F2}.Debug|x64.ActiveCfg = Debug|x64
		{59AEB599-DF95-43D8-8930-EDD647ADA9F2}.Debug|x64.Build.0 = Debug|x64
		{59AEB599-DF95-43D8-8930-EDD647ADA9F2}.Debug|x86.ActiveCfg = Debug|Win32
		{59AEB599-DF95-43D8-8930-EDD647ADA9F2}.Debug|x86.Build.0 = Debug|Win32
		{59AEB599-DF95-43D8-8930-EDD647ADA9F2}.Release|x64.ActiveCfg = Release|x64
		{59AEB599-DF95-43D8-8930-EDD647ADA9F2}.Release|x64.Build.0 = Release|x64
		{59AEB599-DF95-43D8-8930-EDD647ADA9F2}.Release|x86.ActiveCfg = Release|Win32
		{59AEB599-DF95-43D8-8930-EDD647ADA9F2}.Release|x86.Build.0 = Release|Win32
		{6C1C275F-CA7C-4D80-84DD-D367F69A0AE9}.Debug|x64.ActiveCfg = Debug|x64
		{6C1C275F-CA7C-4D80-84DD-D367F69A0AE9}.Debug|x64.Build.0 = Debug|x64
		{6C1C275F-CA7C-4D80-84DD-D367F69A0AE9}.Debug|x86.ActiveCfg = Debug|Win32
		{6C1C275F-CA7C-4D80-84DD-D367F69A0AE9}.Debug|x86.Build.0 = Debug|Win32
		{6C1C275F-CA7C-4D80-84DD-D367F69A0AE9}.Release|x64.ActiveCfg = Release|x64
		{6C1C275F-CA7C-4D80-84DD-D367F69A0AE9}.Release|x64.Build.0 = Release|x64
		{6C1C275F-CA7C-4D80-84DD-D367F69A0AE9}.Release|x86.ActiveCfg = Release|Win32
		{6C1C275F-CA7C-4D80-84DD-D367F69A0AE9}.Release|x86.Build.0 = Release|Win32
		{391CFC73-575E-46DB-91BA-8109E1BB1BC7}.Debug|x64.ActiveCfg = Debug|x64
		{391CFC73-575E-46DB-91BA-8109E1BB1BC7}.Debug|x64.Build.0 = Debug|x64
		{391CFC73-575E-46DB-91BA-8109E1BB1BC7}.Debug|x86.ActiveCfg = Debug|Win32
		{391CFC73-575E-46DB-91BA-8109E1BB1BC7}.Debug|x86.Build.0 = Debug|Win32
		{391CFC73-575E-46DB-91BA-8109E1BB1BC7}.Release|x64.ActiveCfg = Release|x64
		{391CFC73-575E-46DB-91BA-8109E1BB1BC7}.Release|x64.Build.0 = Release|x64
		{391CFC73-575E-46DB-91BA-8109E1BB1BC7}.Release|x86.ActiveCfg = Release|Win32
		{391CFC73-575E-46DB-91BA-8109E1BB1BC7}.Release|x86.Build.0 = Release|Win32
		{9EC84F00-2673-4C7E-8827-4E1ED6EFF776}.Debug|x64.ActiveCfg = Debug|x64
		{9EC84F00-2673-4C7E-8827-4E1ED6EFF776}.Debug|x64.Build.0 = Debug|x64
		{9EC84F00-2673-4C7E-8827-4E1ED6EFF776}.Debug|x86.ActiveCfg = Debug|Win32
		{9EC84F00-2673-4C7E-8827-4E1ED6EFF776}.Debug|x86.Build.0 = Debug|Win32
		{9EC84F00-2673-4C7E-8827-4E1ED6EFF776}.Release|x64.ActiveCfg = Release|x64
		{9EC84F00-2673-4C7E-8827-4E1ED6EFF776}.Release|x64.Build.0 = Release|x64
		{9EC84F00-2673-4C7E-8827-4E1ED6EFF776}.Release|x86.ActiveCfg = Release|Win32
		{9EC84F00-2673-4C7E-8827-4E1ED6EFF776}.Release|x86.Build.0 = Release|Win32
		{013CF057-9CD8-4708-8DAB-D07BFD31E13D}.Debug|x64.ActiveCfg = Debug|x64
		{013CF057-9CD8-4708-8DAB-D07BFD31E13D}.Debug|x64.Build.0 = Debug|x64
		{013CF057-9CD8-4708-8DAB-D07BFD31E13D}.Debug|x86.ActiveCfg = Debug|Win32
		{013CF057-9CD8-4708-8DAB-D07BFD31E13D}.Debug|x86.Build.0 = Debug|Win32
		{013CF057-9CD8-4708-8DAB-D07BFD31E13D}.Release|x64.ActiveCfg = Release|x64
		{013CF057-9CD8-4708-8DAB-D07BFD31E13D}.Release|x64.Build.0 = Release|x64
		{013CF057-9CD8-4708-8DAB-D07BFD31E13D}.Release|x86.ActiveCfg = Release|Win32
		{013CF057-9CD8-4708-8DAB-D07BFD31E13D}.Release|x86.Build.0 = Release|Win32
		{4D1292C5-79F6-40DD-8BC9-97B845A65E40}.Debug|x64.ActiveCfg = Debug|x64
		{4D1292C5-79F6-40DD-8BC9-97B845A65E40}.Debug|x64.Build.0 = Debug|x64
		{4D1292C5-79F6-40DD-8BC9-97B845A65E40}.Debug|x86.ActiveCfg = Debug|Win32
		{4D1292C5-79F6-40DD-8BC9-97B845A65E40}.Debug|x86.Build.0 = Debug|Win32
		{4D1292C5-79F6-40DD-8BC9-97B845A65E40}.Release|x64.ActiveCfg = Release|x64
		{4D1292C5-79F6-40DD-8BC9-97B845A65E40}.Release|x64.Build.0 = Release|x64
		{4D1292C5-79F6-40DD-8BC9-97B845A65E40}.Release|x86.ActiveCfg = Release|Win32
		{4D1292C5-79F6-40DD-8BC9-97B845A65E40}.Release|x86.Build.0 = Release|Win32
		{E75D1E8E-CF95-4288-AAC8-D6D8C1E4E7E0}.Debug|x64.ActiveCfg = Debug|x64
		{E75D1E8E-CF95-4288-AAC8-D6D8C1E4E7E0}.Debug|x64.Build.0 = Debug|x64
		{E75D1E8E-CF95-4288-AAC8-D6D8C1E4E7E0}.Debug|x86.ActiveCfg = Debug|Win32
		{E75D1E8E-CF95-4288-AAC8-D6D8C1E4E7E0}.Debug|x86.Build.0 = Debug|Win32
		{E75D1E8E-CF95-4288-AAC8-D6D8C1E4E7E0}.Release|x64.ActiveCfg = Release|x64
		{E75D1E8E-CF95-4288-AAC8-D6D8C1E4E7E0}.Release|x64.Build.0 = Release|x64
		{E75D1E8E-CF95-4288-AAC8-D6D8C1E4E7E0}.Release|x86.ActiveCfg = Release|Win32
		{E75D1E8E-CF95-4288-AAC8-D6D8C1E4E7E0}.Release|x86.Build.0 = Release|Win32
		{B08E7860-C279-4681-A125-7E2ABF123472}.Debug|x64.ActiveCfg = Debug|x64
		{B08E7860-C279-4681-A125-7E2ABF123472}.Debug|x64.Build.0 = Debug|x64
		{B08E7860-C279-4681-A125-7E2ABF123472}.Debug|x86.ActiveCfg = Debug|Win32
		{B08E7860-C279-4681-A125-7E2ABF123472}.Debug|x86.Build.0 = Debug|Win32
		{B08E7860-C279-4681-A125-7E2ABF123472}.Release|x64.ActiveCfg = Release|x64
		{B08E7860-C279-4681-A125-7E2ABF123472}.Release|x64.Build.0 = Release|x64
		{B08E7860-C279-4681-A125-7E2ABF123472}.Release|x86.ActiveCfg = Release|Win32
		{B08E7860-C279-4681-A125-7E2ABF123472}.Release|x86.Build.0 = Release|Win32
		{428689F3-1634-444C-9BDE-659521D95020}.Debug|x64.ActiveCfg = Debug|x64
		{428689F3-1634-444C-9BDE-659521D95020}.Debug|x64.Build.0 = Debug|x64
		{428689F3-1634-444C-9BDE-659521D95020}.Debug|x86.ActiveCfg = Debug|Win32
		{428689F3-1634-444C-9BDE-659521D95020}.Debug|x86.Build.0 = Debug|Win32
		{428689F3-1634-444C-9BDE-659521D95020}.Release|x64.ActiveCfg = Release|x64
		{428689F3-1634-444C-9BDE-659521D95020}.Release|x64.Build.0 = Release|x64
		{428689F3-1634-444C-9BDE-659521D95020}.Release|x86.ActiveCfg = Release|Win32
		{428689F3-1634-444C-9BDE-659521D95020}.Release|x86.Build.0 = Release|Win32
		{489EEB14-B4F5-4C1C-9760-6012AE1C8D3B}.Debug|x64.ActiveCfg = Debug|x64
		{489EEB14-B4F5-4C1C-9760-6012AE1C8D3B}.Debug|x64.Build.0 = Debug|x64
		{489EEB14-B4F5-4C1C-9760-6012AE1C8D3B}.Debug|x86.ActiveCfg = Debug|Win32
		{489EEB14-B4F5-4C1C-9760-6012AE1C8D3B}.Debug|x86.Build.0 = Debug|Win32
		{489EEB14-B4F5-4C1C-9760-6012AE1C8D3B}.Release|x64.ActiveCfg = Release|x64
		{489EEB14-B4F5-4C1C-9760-6012AE1C8D3B}.Release|x64.Build.0 = Release|x64
		{489EEB14-B4F5-4C1C-9760-6012AE1C8D3B}.Release|x86.ActiveCfg = Release|Win32
		{489EEB14-B4F5-4C1C-9760-6012AE1C8D3B}.Release|x86.Build.0 = Release|Win32
		{2C28E58E-A25F-4C23-BF51-F69F1A1015C3}.Debug|x64.ActiveCfg = Debug|x64
		{2C28E58E-A25F-4C23-BF51-F69F1A1015C3}.Debug|x64.Build.0 = Debug|x64
		{2C28E58E-A25F-4C23-BF51-F69F1A1015C3}.Debug|x86.ActiveCfg = Debug|Win32
		{2C28E58E-A25F-4C23-BF51-F69F1A1015C3}.Debug|x86.Build.0 = Debug|Win32
		{2C28E58E-A25F-4C23-BF51-F69F1A1015C3}.Release|x64.ActiveCfg = Release|x64
		{2C28E58E-A25F-4C23-BF51-F69F1A1015C3}.Release|x64.Build.0 = Release|x64
		{2C28E58E-A25F-4C23-BF51-F69F1A1015C3}.Release|x86.ActiveCfg = Release|Win32
		{2C28E58E-A25F-4C23-BF51-F69F1A1015C3}.Release|x86.Build.0 = Release|Win32
		{D6F9EDF7-2EE7-4BAA-A8C6-CACBC6F5DF3D}.Debug|x64.ActiveCfg = Debug|x64
		{D6F9EDF7-2EE7-4BAA-A8C6-CACBC6F5DF3D}.Debug|x64.Build.0 = Debug|x64
		{D6F9EDF7-2EE7-4BAA-A8C6-CACBC6F5DF3D}.Debug|x86.ActiveCfg = Debug|Win32
		{D6F9EDF7-2EE7-4BAA-A8C6-CACBC6F5DF3D}.Debug|x86.Build.0 = Debug|Win32
		{D6F9EDF7-2EE7-4BAA-A8C6-CACBC6F5DF3D}.Release|x64.ActiveCfg = Release|x64
		{D6F9EDF7-2EE7-4BAA-A8C6-CACBC6F5DF3D}.Release|x64.Build.0 = Release|x64
		{D6F9EDF7-2EE7-4BAA-A8C6-CACBC6F5DF3D}.Release|x86.ActiveCfg = Release|Win32
		{D6F9EDF7-2EE7-4BAA-A8C6-CACBC6F5DF3D}.Release|x86.Build.0 = Release|Win32
		{73951325-EE20-4500-BD44-F7B5DBED054E}.Debug|x64.ActiveCfg = Debug|x64
		{73951325-EE20-4500-BD44-F7B5DBED054E}.Debug|x64.Build.0 = Debug|x64
		{73951325-EE20-4500-BD44-F7B5DBED054E}.Debug|x86.ActiveCfg = Debug|Win32
		{73951325-EE20-4500-BD44-F7B5DBED054E}.Debug|x86.Build.0 = Debug|Win32
		{73951325-EE20-4500-BD44-F7B5DBED054E}.Release|x64.ActiveCfg = Release|x64
		{73951325-EE20-4500-BD44-F7B5DBED054E}.Release|x64.Build.0 = Release|x64
		{73951325-EE20-4500-BD44-F7B5DBED054E}.Release|x86.ActiveCfg = Release|Win32
		{73951325-EE20-4500-BD44-F7B5DBED054E}.Release|x86.Build.0 = Release|Win32
		{25A68799-3170-41B5-9781-620ACA5D2F6F}.Debug|x64.ActiveCfg = Debug|x64
		{25A68799-3170-41B5-9781-620ACA5D2F6F}.Debug|x64.Build.0 = Debug|x64
		{25A68799-3170-41B5-9781-620ACA5D2F6F}.Debug|x86.ActiveCfg = Debug|Win32
		{25A68799-3170-41B5-9781-620ACA5D2F6F}.Debug|x86.Build.0 = Debug|Win32
		{25A68799-3170-41B5-9781-620ACA5D2F6F}.Release|x64.ActiveCfg = Release|x64
		{25A68799-3170-41B5-9781-620ACA5D2F6F}.Release|x64.Build.0 = Release|x64
		{25A68799-3170-41B5-9781-620ACA5D2F6F}.Release|x86.ActiveCfg = Release|Win32
		{25A68799-3170-41B5-9781-620ACA5D2F6F}.Release|x86.Build.0 = Release|Win32
	EndGlobalSection
	GlobalSection(SolutionProperties) = preSolution
		HideSolutionNode = FALSE
	EndGlobalSection
	GlobalSection(ExtensibilityGlobals) = postSolution
		SolutionGuid = {29B0C161-AE0E-4689-AF7B-FDDF05EFAA81}
	EndGlobalSection
EndGlobal
