
Microsoft Visual Studio Solution File, Format Version 12.00
# Visual Studio Version 16
VisualStudioVersion = 16.0.31313.79
MinimumVisualStudioVersion = 10.0.40219.1
Project("{8BC9CEB8-8B4A-11D0-8D11-00A0C91BC942}") = "BitMAP", "BitMAP.vcxproj", "{E9CC55EB-0775-4C2A-B5E0-76DCBAF55F60}"
EndProject
Global
	GlobalSection(SolutionConfigurationPlatforms) = preSolution
		Debug|x64 = Debug|x64
		Debug|x86 = Debug|x86
		Release|x64 = Release|x64
		Release|x86 = Release|x86
	EndGlobalSection
	GlobalSection(ProjectConfigurationPlatforms) = postSolution
		{E9CC55EB-0775-4C2A-B5E0-76DCBAF55F60}.Debug|x64.ActiveCfg = Debug|x64
		{E9CC55EB-0775-4C2A-B5E0-76DCBAF55F60}.Debug|x64.Build.0 = Debug|x64
		{E9CC55EB-0775-4C2A-B5E0-76DCBAF55F60}.Debug|x86.ActiveCfg = Debug|Win32
		{E9CC55EB-0775-4C2A-B5E0-76DCBAF55F60}.Debug|x86.Build.0 = Debug|Win32
		{E9CC55EB-0775-4C2A-B5E0-76DCBAF55F60}.Release|x64.ActiveCfg = Release|x64
		{E9CC55EB-0775-4C2A-B5E0-76DCBAF55F60}.Release|x64.Build.0 = Release|x64
		{E9CC55EB-0775-4C2A-B5E0-76DCBAF55F60}.Release|x86.ActiveCfg = Release|Win32
		{E9CC55EB-0775-4C2A-B5E0-76DCBAF55F60}.Release|x86.Build.0 = Release|Win32
	EndGlobalSection
	GlobalSection(SolutionProperties) = preSolution
		HideSolutionNode = FALSE
	EndGlobalSection
	GlobalSection(ExtensibilityGlobals) = postSolution
		SolutionGuid = {1B7FFB91-4BE5-4D03-9013-1B0C36337A79}
	EndGlobalSection
EndGlobal
